{
  "name": "number-extra",
  "version": "0.2.3",
  "lockfileVersion": 1,
  "requires": true,
  "dependencies": {
    "number-aliquotsum": {
      "version": "0.1.3",
      "resolved": "https://registry.npmjs.org/number-aliquotsum/-/number-aliquotsum-0.1.3.tgz",
      "integrity": "sha512-W9L+GLkGSvpAX6fXVK37FpRtns+pz/x2Fuyyb/vgTfG6kWytvfnr5vnRiPEU+6STmuI08ID1UhGEsAvySAeFXw==",
      "dev": true
    },
    "number-divisorcount": {
      "version": "0.1.3",
      "resolved": "https://registry.npmjs.org/number-divisorcount/-/number-divisorcount-0.1.3.tgz",
      "integrity": "sha512-qaES1hU+pWa3jQwM32K2/bbLN7F9CL98D4wr9lo99xt6Td3zNgrJRue7vO8QFleoksbDw7K7Ks9UxV0sk0kXIQ==",
      "dev": true
    },
    "number-divisors": {
      "version": "0.1.3",
      "resolved": "https://registry.npmjs.org/number-divisors/-/number-divisors-0.1.3.tgz",
      "integrity": "sha512-TYzMwDyS1TfL6/bjv8dG6+FCYxX5Ig5HW2KKx3uKuwSU4VRgj5AwwYvWT4v0oPc+VkBEJrZuussVeOhR+Cv4yg==",
      "dev": true
    },
    "number-divisorsum": {
      "version": "0.1.3",
      "resolved": "https://registry.npmjs.org/number-divisorsum/-/number-divisorsum-0.1.3.tgz",
      "integrity": "sha512-tyOQXzhwDeizZ7UEPFSSMR5viPpKIhB/jdr8Lk/V/DPXz2RpmHohfmjIRsmStgQ+2fLq+4SACdoptw1pBNyMFg==",
      "dev": true
    },
    "number-fromroman": {
      "version": "0.1.3",
      "resolved": "https://registry.npmjs.org/number-fromroman/-/number-fromroman-0.1.3.tgz",
      "integrity": "sha512-u+yclidkPThQBDchVbvm9OUV7FW28h/KV25pYW6cLplkquVbr6IecdDOqitlvsDr7gSDa29jXnhJx8NBOtVQfg==",
      "dev": true
    },
    "number-fromscientific": {
      "version": "0.1.3",
      "resolved": "https://registry.npmjs.org/number-fromscientific/-/number-fromscientific-0.1.3.tgz",
      "integrity": "sha512-ThRytl55j5mkPJOaFAjwItLNhNWBEZamNkf2nb9mLiOC0J8uzC25dz+FOyQbNWQlEZV/C2n3J1761ZTRAgoJsA==",
      "dev": true,
      "requires": {
        "string-tobaseline": "0.1.3"
      }
    },
    "number-is": {
      "version": "0.1.3",
      "resolved": "https://registry.npmjs.org/number-is/-/number-is-0.1.3.tgz",
      "integrity": "sha512-MXXKyHTmcqR+gVgawn8SpL5eJrDCQukoNkHSTPipbpgQry0UgHpdku/1H++Axy9iCDh0hWmxk9dfvNwCdVswqQ==",
      "dev": true
    },
    "number-isabundant": {
      "version": "0.1.3",
      "resolved": "https://registry.npmjs.org/number-isabundant/-/number-isabundant-0.1.3.tgz",
      "integrity": "sha512-XMO1bRdCiPXUKARVjvZ051aBXh7r+lLx9PmmCwBybxyVY4lFv5AQPMeiRcq3S/+vfN+DELUWNA03vPInirhsIw==",
      "dev": true
    },
    "number-iscomposite": {
      "version": "0.1.3",
      "resolved": "https://registry.npmjs.org/number-iscomposite/-/number-iscomposite-0.1.3.tgz",
      "integrity": "sha512-rPW9dCvuRhPP9vT9doWpkNMYMFgFZ4WsfBp61JSvcT/PGVRcbluOgAbT+gfbudL1GEXkzZQ4MRhys2mhnWARSA==",
      "dev": true,
      "requires": {
        "number-isprime": "0.2.3"
      }
    },
    "number-isdeficient": {
      "version": "0.1.3",
      "resolved": "https://registry.npmjs.org/number-isdeficient/-/number-isdeficient-0.1.3.tgz",
      "integrity": "sha512-CEnecfH3RMYZJ+V3oLmIs8Jg7l1xIXiuvG6yjPdVxl5iVziNllxdo9nsHgP7FJR4Njmg+okChXJjUdbtVkUhgA==",
      "dev": true
    },
    "number-iseven": {
      "version": "0.1.3",
      "resolved": "https://registry.npmjs.org/number-iseven/-/number-iseven-0.1.3.tgz",
      "integrity": "sha512-CvxmCP6MLYl6lYCxb3j1g1PQt7+BYgewQKUCfNyfLBvL0blliP7joJNFAGbPaT9BUK2dqbEpZe1iYiKIm3HA6w==",
      "dev": true
    },
    "number-isnatural": {
      "version": "0.1.3",
      "resolved": "https://registry.npmjs.org/number-isnatural/-/number-isnatural-0.1.3.tgz",
      "integrity": "sha512-znYWUjAa7oAYsGZYgzDIyrVXQxilzU8N+WAcSkC7zhRcHyWiAt6+dB2Q/22CULV29zqQDFESeXvcm69G3QDNHA==",
      "dev": true
    },
    "number-isnegative": {
      "version": "0.1.4",
      "resolved": "https://registry.npmjs.org/number-isnegative/-/number-isnegative-0.1.4.tgz",
      "integrity": "sha512-4r/lgqqvQfpjXy1Q9HLSBOhWJOma0AgM1SpltZXIBJ47QYOL+AQVcpM2T/KJAcaiNb5zuJiT5CxnEqjzEXOfgQ==",
      "dev": true
    },
    "number-isodd": {
      "version": "0.1.3",
      "resolved": "https://registry.npmjs.org/number-isodd/-/number-isodd-0.1.3.tgz",
      "integrity": "sha512-6Q3uRa+hWYWx5wQgk0nZA4YYXF/zUUKFpfRc2va2lEPc5hICu69nfdwVTP1aIEDTWgJLa6FEgWoeKGI5GXb4Tw==",
      "dev": true
    },
    "number-isperfect": {
      "version": "0.1.3",
      "resolved": "https://registry.npmjs.org/number-isperfect/-/number-isperfect-0.1.3.tgz",
      "integrity": "sha512-5fbNNE78uoPZowPgmeI84UC2cfgUXi2VTVt1f9Lu+wQF4qyTpVrmgPr/ysfIiEJSXK0FanqIOS4dNh9MO8JbbQ==",
      "dev": true
    },
    "number-ispositive": {
      "version": "0.1.3",
      "resolved": "https://registry.npmjs.org/number-ispositive/-/number-ispositive-0.1.3.tgz",
      "integrity": "sha512-cOiyL8gos/N8Pljo83K+NpyzEh2E7fIB2yO+XPtrXTCO8lnD1/A3HK/du9nguzXqOHsuds4VnistHvELZ4RVdg==",
      "dev": true
    },
    "number-isprime": {
      "version": "0.2.3",
      "resolved": "https://registry.npmjs.org/number-isprime/-/number-isprime-0.2.3.tgz",
      "integrity": "sha512-j7DyKM4EX336blO92I2Dvu8UFSeJbpNV+cZzf3FevrHH3tx76DliRIBGzB3L+nCxsfuWhrohwJDxVg36IUakag==",
      "dev": true
    },
    "number-iswhole": {
      "version": "0.1.3",
      "resolved": "https://registry.npmjs.org/number-iswhole/-/number-iswhole-0.1.3.tgz",
      "integrity": "sha512-aELY3gGVr6GbzrDjpXC3QBOygOnpoqBsaGNUY9V194smBkTEATYgmd15nMnp0l/qL0Uxa2xY7f/1ezYoFry7nQ==",
      "dev": true
    },
    "number-toindiansystem": {
      "version": "0.1.3",
      "resolved": "https://registry.npmjs.org/number-toindiansystem/-/number-toindiansystem-0.1.3.tgz",
      "integrity": "sha512-pat3H0GyW6c/vLYHdGlS+E6As/H0gK/7PZQHd9n6qtN9aQWHg1KsPIMkoFsP/5XxgXofVZAghahGIK1UszzObQ==",
      "dev": true
    },
    "number-toroman": {
      "version": "0.1.3",
      "resolved": "https://registry.npmjs.org/number-toroman/-/number-toroman-0.1.3.tgz",
      "integrity": "sha512-GxIjAr2fnM4+VUvZhl+dOztBhTgsrDSwtarS2DgUTenDBOEE9amtjiwssbQKv2Wz2Z0TDn0FTv+XOR2LCJ8L9w==",
      "dev": true
    },
    "number-toscientific": {
      "version": "0.1.3",
      "resolved": "https://registry.npmjs.org/number-toscientific/-/number-toscientific-0.1.3.tgz",
      "integrity": "sha512-+IAFvDcbqr8dvNXhM0X8CyJvV+y2VDrGlyj5+iCFq4/9FlGTpXl9dRYQDBb/NjqbcYg/6nQsBKhPooaXBXKieQ==",
      "dev": true,
      "requires": {
        "string-tosuperscript": "0.1.2"
      }
    },
    "number-towesternsystem": {
      "version": "0.1.8",
      "resolved": "https://registry.npmjs.org/number-towesternsystem/-/number-towesternsystem-0.1.8.tgz",
      "integrity": "sha512-4B3plN6540MCrluAH8D0uynhWEh0mTfs018j0s6fm3a1zb3LiPhclfIAEuIjK/3OfgT6MuXPCpIGIgrYBewcwA==",
      "dev": true
    },
    "string-tobaseline": {
      "version": "0.1.3",
      "resolved": "https://registry.npmjs.org/string-tobaseline/-/string-tobaseline-0.1.3.tgz",
      "integrity": "sha512-s2+gLylxEkk9kPqeCXhCYluyWecZNlnyTBSDbiBFViTY+klsSIEA9c/9CfSB5x2lFtobNGGsiv6pNtCZdjQo1Q==",
      "dev": true
    },
    "string-tosuperscript": {
      "version": "0.1.2",
      "resolved": "https://registry.npmjs.org/string-tosuperscript/-/string-tosuperscript-0.1.2.tgz",
      "integrity": "sha512-vXRK4x++t/bT5UFWPDlZ/CAp/cQsHjGNE0gnCupt3XappWp0CdzPB5o1vPZkzo8rXtjmYWJrd3sx7UL+QVHOFA==",
      "dev": true
    }
  }
}
