{
  "name": "extra-number",
  "version": "1.2.7",
  "lockfileVersion": 1,
  "requires": true,
  "dependencies": {
    "@extra-string/to-baseline": {
      "version": "1.1.3",
      "resolved": "https://registry.npmjs.org/@extra-string/to-baseline/-/to-baseline-1.1.3.tgz",
      "integrity": "sha512-nn0mjtnxblO93dFsT1oCZseHuThmez6CAnnbtNvXFugbMtxqKy7v5mRMyzggcyqOeGtjrwFMW2mgoeozjNgxBw==",
      "dev": true
    },
    "@extra-string/to-superscript": {
      "version": "1.1.3",
      "resolved": "https://registry.npmjs.org/@extra-string/to-superscript/-/to-superscript-1.1.3.tgz",
      "integrity": "sha512-DymYqVRtydy7hhROoCwLD24iaOcxUtz1bQjESZTZqAslUnae+4SfGYPm1ASPQemNDr426zYx1R+YXzqUy3V11Q==",
      "dev": true
    },
    "ast-types": {
      "version": "0.11.7",
      "resolved": "https://registry.npmjs.org/ast-types/-/ast-types-0.11.7.tgz",
      "integrity": "sha512-2mP3TwtkY/aTv5X3ZsMpNAbOnyoC/aMJwJSoaELPkHId0nSQgFcnU4dRW3isxiz7+zBexk0ym3WNVjMiQBnJSw==",
      "dev": true
    },
    "esprima": {
      "version": "4.0.1",
      "resolved": "https://registry.npmjs.org/esprima/-/esprima-4.0.1.tgz",
      "integrity": "sha512-eGuFFw7Upda+g4p+QHvnW0RyTX/SVeJBDM/gCtMARO0cLuT2HcEKnTPvhjV6aGeqrCB/sbNop0Kszm0jsaWU4A==",
      "dev": true
    },
    "find-npm-prefix": {
      "version": "1.0.2",
      "resolved": "https://registry.npmjs.org/find-npm-prefix/-/find-npm-prefix-1.0.2.tgz",
      "integrity": "sha512-KEftzJ+H90x6pcKtdXZEPsQse8/y/UnvzRKrOSQFprnrGaFuJ62fVkP34Iu2IYuMvyauCyoLTNkJZgrrGA2wkA==",
      "dev": true
    },
    "private": {
      "version": "0.1.8",
      "resolved": "https://registry.npmjs.org/private/-/private-0.1.8.tgz",
      "integrity": "sha512-VvivMrbvd2nKkiG38qjULzlc+4Vx4wm/whI9pQD35YrARNnhxeiRktSOhSukRLFNlzg6Br/cJPet5J/u19r/mg==",
      "dev": true
    },
    "recast": {
      "version": "0.16.2",
      "resolved": "https://registry.npmjs.org/recast/-/recast-0.16.2.tgz",
      "integrity": "sha512-O/7qXi51DPjRVdbrpNzoBQH5dnAPQNbfoOFyRiUwreTMJfIHYOEBzwuH+c0+/BTSJ3CQyKs6ILSWXhESH6Op3A==",
      "dev": true,
      "requires": {
        "ast-types": "0.11.7",
        "esprima": "~4.0.0",
        "private": "~0.1.5",
        "source-map": "~0.6.1"
      }
    },
    "source-map": {
      "version": "0.6.1",
      "resolved": "https://registry.npmjs.org/source-map/-/source-map-0.6.1.tgz",
      "integrity": "sha512-UjgapumWlbMhkBgzT7Ykc5YXUT46F0iKu8SGXq0bcwP5dz/h0Plj6enJqjz1Zbq2l5WaqYnrVbwWOWMyF3F47g==",
      "dev": true
    }
  }
}
